
Microsoft Visual Studio Solution File, Format Version 12.00
# Visual Studio 15
VisualStudioVersion = 15.0.28307.902
MinimumVisualStudioVersion = 10.0.40219.1
Project("{FAE04EC0-301F-11D3-BF4B-00C04F79EFBC}") = "aspdotnetmvcdemo", "aspdotnetmvcdemo\aspdotnetmvcdemo.csproj", "{5C29C4BF-F904-49F6-8B12-586BCAF14C1C}"
EndProject
Project("{FAE04EC0-301F-11D3-BF4B-00C04F79EFBC}") = "aspdotnetmvcdemo.Tests", "aspdotnetmvcdemo.Tests\aspdotnetmvcdemo.Tests.csproj", "{64136AAC-67B7-4A36-A4D8-C4FB99A977F1}"
EndProject
Global
	GlobalSection(SolutionConfigurationPlatforms) = preSolution
		Debug|Any CPU = Debug|Any CPU
		Release|Any CPU = Release|Any CPU
	EndGlobalSection
	GlobalSection(ProjectConfigurationPlatforms) = postSolution
		{5C29C4BF-F904-49F6-8B12-586BCAF14C1C}.Debug|Any CPU.ActiveCfg = Debug|Any CPU
		{5C29C4BF-F904-49F6-8B12-586BCAF14C1C}.Debug|Any CPU.Build.0 = Debug|Any CPU
		{5C29C4BF-F904-49F6-8B12-586BCAF14C1C}.Release|Any CPU.ActiveCfg = Release|Any CPU
		{5C29C4BF-F904-49F6-8B12-586BCAF14C1C}.Release|Any CPU.Build.0 = Release|Any CPU
		{64136AAC-67B7-4A36-A4D8-C4FB99A977F1}.Debug|Any CPU.ActiveCfg = Debug|Any CPU
		{64136AAC-67B7-4A36-A4D8-C4FB99A977F1}.Debug|Any CPU.Build.0 = Debug|Any CPU
		{64136AAC-67B7-4A36-A4D8-C4FB99A977F1}.Release|Any CPU.ActiveCfg = Release|Any CPU
		{64136AAC-67B7-4A36-A4D8-C4FB99A977F1}.Release|Any CPU.Build.0 = Release|Any CPU
	EndGlobalSection
	GlobalSection(SolutionProperties) = preSolution
		HideSolutionNode = FALSE
	EndGlobalSection
	GlobalSection(ExtensibilityGlobals) = postSolution
		SolutionGuid = {97B4EB9A-2CC2-4A88-8360-1508DF74F5F9}
	EndGlobalSection
EndGlobal
